
Microsoft Visual Studio Solution File, Format Version 12.00
# Visual Studio 2013
VisualStudioVersion = 12.0.30110.0
MinimumVisualStudioVersion = 10.0.40219.1
Project("{FAE04EC0-301F-11D3-BF4B-00C04F79EFBC}") = "CslaCross", "CslaCross\CslaCross.csproj", "{90E10CC7-0707-4168-B8C4-646900EAD781}"
EndProject
Project("{2150E333-8FDC-42A3-9474-1A3956D46DE8}") = "Core", "Core", "{351BD340-DF1C-439F-803B-C71BEBFCAC8D}"
EndProject
Project("{FAE04EC0-301F-11D3-BF4B-00C04F79EFBC}") = "CslaCross.Silverlight", "CslaCross.Silverlight\CslaCross.Silverlight.csproj", "{15AF8320-AFAB-448E-8209-FFA37B0D32E0}"
EndProject
Project("{FAE04EC0-301F-11D3-BF4B-00C04F79EFBC}") = "CslaCross.Ios", "CslaCross.Ios\CslaCross.Ios.csproj", "{A057C8D3-ECB7-4AA5-8EEF-EDE9B0FE79E2}"
EndProject
Project("{FAE04EC0-301F-11D3-BF4B-00C04F79EFBC}") = "CslaCross.Android", "CslaCross.Android\CslaCross.Android.csproj", "{25F99DF3-4D4C-461A-9255-995D1E7896C8}"
EndProject
Project("{FAE04EC0-301F-11D3-BF4B-00C04F79EFBC}") = "CslaCross.WinRT", "CslaCross.WinRT\CslaCross.WinRT.csproj", "{E7198764-F6D9-41A3-BD1F-67EF6C02890C}"
EndProject
Project("{FAE04EC0-301F-11D3-BF4B-00C04F79EFBC}") = "CslaCross.WinPRT", "CslaCross.WinPRT\CslaCross.WinPRT.csproj", "{06990E4D-F40E-44EA-8723-E9D71C6D64F4}"
EndProject
Project("{2150E333-8FDC-42A3-9474-1A3956D46DE8}") = "Solution Items", "Solution Items", "{1E1B57C3-5662-4C3B-9DD2-A62BA635E45B}"
	ProjectSection(SolutionItems) = preProject
		..\license.txt = ..\license.txt
		..\README.md = ..\README.md
	EndProjectSection
EndProject
Global
	GlobalSection(SolutionConfigurationPlatforms) = preSolution
		Debug|Any CPU = Debug|Any CPU
		Debug|ARM = Debug|ARM
		Debug|x64 = Debug|x64
		Debug|x86 = Debug|x86
		Release|Any CPU = Release|Any CPU
		Release|ARM = Release|ARM
		Release|x64 = Release|x64
		Release|x86 = Release|x86
	EndGlobalSection
	GlobalSection(ProjectConfigurationPlatforms) = postSolution
		{90E10CC7-0707-4168-B8C4-646900EAD781}.Debug|Any CPU.ActiveCfg = Debug|Any CPU
		{90E10CC7-0707-4168-B8C4-646900EAD781}.Debug|Any CPU.Build.0 = Debug|Any CPU
		{90E10CC7-0707-4168-B8C4-646900EAD781}.Debug|ARM.ActiveCfg = Debug|Any CPU
		{90E10CC7-0707-4168-B8C4-646900EAD781}.Debug|x64.ActiveCfg = Debug|Any CPU
		{90E10CC7-0707-4168-B8C4-646900EAD781}.Debug|x86.ActiveCfg = Debug|Any CPU
		{90E10CC7-0707-4168-B8C4-646900EAD781}.Release|Any CPU.ActiveCfg = Release|Any CPU
		{90E10CC7-0707-4168-B8C4-646900EAD781}.Release|Any CPU.Build.0 = Release|Any CPU
		{90E10CC7-0707-4168-B8C4-646900EAD781}.Release|ARM.ActiveCfg = Release|Any CPU
		{90E10CC7-0707-4168-B8C4-646900EAD781}.Release|x64.ActiveCfg = Release|Any CPU
		{90E10CC7-0707-4168-B8C4-646900EAD781}.Release|x86.ActiveCfg = Release|Any CPU
		{15AF8320-AFAB-448E-8209-FFA37B0D32E0}.Debug|Any CPU.ActiveCfg = Debug|Any CPU
		{15AF8320-AFAB-448E-8209-FFA37B0D32E0}.Debug|Any CPU.Build.0 = Debug|Any CPU
		{15AF8320-AFAB-448E-8209-FFA37B0D32E0}.Debug|ARM.ActiveCfg = Debug|Any CPU
		{15AF8320-AFAB-448E-8209-FFA37B0D32E0}.Debug|x64.ActiveCfg = Debug|Any CPU
		{15AF8320-AFAB-448E-8209-FFA37B0D32E0}.Debug|x86.ActiveCfg = Debug|Any CPU
		{15AF8320-AFAB-448E-8209-FFA37B0D32E0}.Release|Any CPU.ActiveCfg = Release|Any CPU
		{15AF8320-AFAB-448E-8209-FFA37B0D32E0}.Release|Any CPU.Build.0 = Release|Any CPU
		{15AF8320-AFAB-448E-8209-FFA37B0D32E0}.Release|ARM.ActiveCfg = Release|Any CPU
		{15AF8320-AFAB-448E-8209-FFA37B0D32E0}.Release|x64.ActiveCfg = Release|Any CPU
		{15AF8320-AFAB-448E-8209-FFA37B0D32E0}.Release|x86.ActiveCfg = Release|Any CPU
		{A057C8D3-ECB7-4AA5-8EEF-EDE9B0FE79E2}.Debug|Any CPU.ActiveCfg = Debug|Any CPU
		{A057C8D3-ECB7-4AA5-8EEF-EDE9B0FE79E2}.Debug|Any CPU.Build.0 = Debug|Any CPU
		{A057C8D3-ECB7-4AA5-8EEF-EDE9B0FE79E2}.Debug|ARM.ActiveCfg = Debug|Any CPU
		{A057C8D3-ECB7-4AA5-8EEF-EDE9B0FE79E2}.Debug|x64.ActiveCfg = Debug|Any CPU
		{A057C8D3-ECB7-4AA5-8EEF-EDE9B0FE79E2}.Debug|x86.ActiveCfg = Debug|Any CPU
		{A057C8D3-ECB7-4AA5-8EEF-EDE9B0FE79E2}.Release|Any CPU.ActiveCfg = Release|Any CPU
		{A057C8D3-ECB7-4AA5-8EEF-EDE9B0FE79E2}.Release|Any CPU.Build.0 = Release|Any CPU
		{A057C8D3-ECB7-4AA5-8EEF-EDE9B0FE79E2}.Release|ARM.ActiveCfg = Release|Any CPU
		{A057C8D3-ECB7-4AA5-8EEF-EDE9B0FE79E2}.Release|x64.ActiveCfg = Release|Any CPU
		{A057C8D3-ECB7-4AA5-8EEF-EDE9B0FE79E2}.Release|x86.ActiveCfg = Release|Any CPU
		{25F99DF3-4D4C-461A-9255-995D1E7896C8}.Debug|Any CPU.ActiveCfg = Debug|Any CPU
		{25F99DF3-4D4C-461A-9255-995D1E7896C8}.Debug|Any CPU.Build.0 = Debug|Any CPU
		{25F99DF3-4D4C-461A-9255-995D1E7896C8}.Debug|ARM.ActiveCfg = Debug|Any CPU
		{25F99DF3-4D4C-461A-9255-995D1E7896C8}.Debug|x64.ActiveCfg = Debug|Any CPU
		{25F99DF3-4D4C-461A-9255-995D1E7896C8}.Debug|x86.ActiveCfg = Debug|Any CPU
		{25F99DF3-4D4C-461A-9255-995D1E7896C8}.Release|Any CPU.ActiveCfg = Release|Any CPU
		{25F99DF3-4D4C-461A-9255-995D1E7896C8}.Release|Any CPU.Build.0 = Release|Any CPU
		{25F99DF3-4D4C-461A-9255-995D1E7896C8}.Release|ARM.ActiveCfg = Release|Any CPU
		{25F99DF3-4D4C-461A-9255-995D1E7896C8}.Release|x64.ActiveCfg = Release|Any CPU
		{25F99DF3-4D4C-461A-9255-995D1E7896C8}.Release|x86.ActiveCfg = Release|Any CPU
		{E7198764-F6D9-41A3-BD1F-67EF6C02890C}.Debug|Any CPU.ActiveCfg = Debug|Any CPU
		{E7198764-F6D9-41A3-BD1F-67EF6C02890C}.Debug|Any CPU.Build.0 = Debug|Any CPU
		{E7198764-F6D9-41A3-BD1F-67EF6C02890C}.Debug|ARM.ActiveCfg = Debug|ARM
		{E7198764-F6D9-41A3-BD1F-67EF6C02890C}.Debug|ARM.Build.0 = Debug|ARM
		{E7198764-F6D9-41A3-BD1F-67EF6C02890C}.Debug|x64.ActiveCfg = Debug|x64
		{E7198764-F6D9-41A3-BD1F-67EF6C02890C}.Debug|x64.Build.0 = Debug|x64
		{E7198764-F6D9-41A3-BD1F-67EF6C02890C}.Debug|x86.ActiveCfg = Debug|x86
		{E7198764-F6D9-41A3-BD1F-67EF6C02890C}.Debug|x86.Build.0 = Debug|x86
		{E7198764-F6D9-41A3-BD1F-67EF6C02890C}.Release|Any CPU.ActiveCfg = Release|Any CPU
		{E7198764-F6D9-41A3-BD1F-67EF6C02890C}.Release|Any CPU.Build.0 = Release|Any CPU
		{E7198764-F6D9-41A3-BD1F-67EF6C02890C}.Release|ARM.ActiveCfg = Release|ARM
		{E7198764-F6D9-41A3-BD1F-67EF6C02890C}.Release|ARM.Build.0 = Release|ARM
		{E7198764-F6D9-41A3-BD1F-67EF6C02890C}.Release|x64.ActiveCfg = Release|x64
		{E7198764-F6D9-41A3-BD1F-67EF6C02890C}.Release|x64.Build.0 = Release|x64
		{E7198764-F6D9-41A3-BD1F-67EF6C02890C}.Release|x86.ActiveCfg = Release|x86
		{E7198764-F6D9-41A3-BD1F-67EF6C02890C}.Release|x86.Build.0 = Release|x86
		{06990E4D-F40E-44EA-8723-E9D71C6D64F4}.Debug|Any CPU.ActiveCfg = Debug|Any CPU
		{06990E4D-F40E-44EA-8723-E9D71C6D64F4}.Debug|Any CPU.Build.0 = Debug|Any CPU
		{06990E4D-F40E-44EA-8723-E9D71C6D64F4}.Debug|ARM.ActiveCfg = Debug|ARM
		{06990E4D-F40E-44EA-8723-E9D71C6D64F4}.Debug|ARM.Build.0 = Debug|ARM
		{06990E4D-F40E-44EA-8723-E9D71C6D64F4}.Debug|x64.ActiveCfg = Debug|Any CPU
		{06990E4D-F40E-44EA-8723-E9D71C6D64F4}.Debug|x86.ActiveCfg = Debug|x86
		{06990E4D-F40E-44EA-8723-E9D71C6D64F4}.Debug|x86.Build.0 = Debug|x86
		{06990E4D-F40E-44EA-8723-E9D71C6D64F4}.Release|Any CPU.ActiveCfg = Release|Any CPU
		{06990E4D-F40E-44EA-8723-E9D71C6D64F4}.Release|Any CPU.Build.0 = Release|Any CPU
		{06990E4D-F40E-44EA-8723-E9D71C6D64F4}.Release|ARM.ActiveCfg = Release|ARM
		{06990E4D-F40E-44EA-8723-E9D71C6D64F4}.Release|ARM.Build.0 = Release|ARM
		{06990E4D-F40E-44EA-8723-E9D71C6D64F4}.Release|x64.ActiveCfg = Release|Any CPU
		{06990E4D-F40E-44EA-8723-E9D71C6D64F4}.Release|x86.ActiveCfg = Release|x86
		{06990E4D-F40E-44EA-8723-E9D71C6D64F4}.Release|x86.Build.0 = Release|x86
	EndGlobalSection
	GlobalSection(SolutionProperties) = preSolution
		HideSolutionNode = FALSE
	EndGlobalSection
	GlobalSection(NestedProjects) = preSolution
		{90E10CC7-0707-4168-B8C4-646900EAD781} = {351BD340-DF1C-439F-803B-C71BEBFCAC8D}
		{15AF8320-AFAB-448E-8209-FFA37B0D32E0} = {351BD340-DF1C-439F-803B-C71BEBFCAC8D}
		{A057C8D3-ECB7-4AA5-8EEF-EDE9B0FE79E2} = {351BD340-DF1C-439F-803B-C71BEBFCAC8D}
		{25F99DF3-4D4C-461A-9255-995D1E7896C8} = {351BD340-DF1C-439F-803B-C71BEBFCAC8D}
		{E7198764-F6D9-41A3-BD1F-67EF6C02890C} = {351BD340-DF1C-439F-803B-C71BEBFCAC8D}
		{06990E4D-F40E-44EA-8723-E9D71C6D64F4} = {351BD340-DF1C-439F-803B-C71BEBFCAC8D}
	EndGlobalSection
EndGlobal
